
Microsoft Visual Studio Solution File, Format Version 12.00
# Visual Studio Version 17
VisualStudioVersion = 17.14.36119.2 d17.14
MinimumVisualStudioVersion = 10.0.40219.1
Project("{FAE04EC0-301F-11D3-BF4B-00C04F79EFBC}") = "HomeWork", "HomeWork\HomeWork.csproj", "{1349A87E-2D4D-42EA-948A-E250CD8A7AEA}"
EndProject
Global
	GlobalSection(SolutionConfigurationPlatforms) = preSolution
		Debug|Any CPU = Debug|Any CPU
		Release|Any CPU = Release|Any CPU
	EndGlobalSection
	GlobalSection(ProjectConfigurationPlatforms) = postSolution
		{1349A87E-2D4D-42EA-948A-E250CD8A7AEA}.Debug|Any CPU.ActiveCfg = Debug|Any CPU
		{1349A87E-2D4D-42EA-948A-E250CD8A7AEA}.Debug|Any CPU.Build.0 = Debug|Any CPU
		{1349A87E-2D4D-42EA-948A-E250CD8A7AEA}.Release|Any CPU.ActiveCfg = Release|Any CPU
		{1349A87E-2D4D-42EA-948A-E250CD8A7AEA}.Release|Any CPU.Build.0 = Release|Any CPU
	EndGlobalSection
	GlobalSection(SolutionProperties) = preSolution
		HideSolutionNode = FALSE
	EndGlobalSection
	GlobalSection(ExtensibilityGlobals) = postSolution
		SolutionGuid = {1CB87646-6761-45B8-9430-664E06E0405E}
	EndGlobalSection
EndGlobal
